
Microsoft Visual Studio Solution File, Format Version 12.00
# Visual Studio Version 17
VisualStudioVersion = 17.0.32014.148
MinimumVisualStudioVersion = 10.0.40219.1
Project("{9A19103F-16F7-4668-BE54-9A1E7A4F7556}") = "Rps_GameApi", "Rps_GameApi\Rps_GameApi.csproj", "{96D56B62-DE14-4C8E-BC35-B54736CA88B1}"
EndProject
Project("{9A19103F-16F7-4668-BE54-9A1E7A4F7556}") = "GamePlayLogic1", "GamePlayLogic\GamePlayLogic1.csproj", "{09052124-8BF8-4B54-874D-DB8C3A4FC4CB}"
EndProject
Project("{9A19103F-16F7-4668-BE54-9A1E7A4F7556}") = "DataBaseAccess1", "DataBaseAccess\DataBaseAccess1.csproj", "{E2DBB01B-399E-48A0-ADD5-D48A5CE04BF4}"
EndProject
Project("{9A19103F-16F7-4668-BE54-9A1E7A4F7556}") = "Models", "Models\Models.csproj", "{BBEECEA4-2D11-45DF-A5EE-17AB752BB736}"
EndProject
Project("{9A19103F-16F7-4668-BE54-9A1E7A4F7556}") = "Tests.Rps_GameApi", "Tests.Rps_GameApi\Tests.Rps_GameApi.csproj", "{3843CF2C-2A8C-444E-A152-3B270CA37999}"
EndProject
Global
	GlobalSection(SolutionConfigurationPlatforms) = preSolution
		Debug|Any CPU = Debug|Any CPU
		Release|Any CPU = Release|Any CPU
	EndGlobalSection
	GlobalSection(ProjectConfigurationPlatforms) = postSolution
		{96D56B62-DE14-4C8E-BC35-B54736CA88B1}.Debug|Any CPU.ActiveCfg = Debug|Any CPU
		{96D56B62-DE14-4C8E-BC35-B54736CA88B1}.Debug|Any CPU.Build.0 = Debug|Any CPU
		{96D56B62-DE14-4C8E-BC35-B54736CA88B1}.Release|Any CPU.ActiveCfg = Release|Any CPU
		{96D56B62-DE14-4C8E-BC35-B54736CA88B1}.Release|Any CPU.Build.0 = Release|Any CPU
		{09052124-8BF8-4B54-874D-DB8C3A4FC4CB}.Debug|Any CPU.ActiveCfg = Debug|Any CPU
		{09052124-8BF8-4B54-874D-DB8C3A4FC4CB}.Debug|Any CPU.Build.0 = Debug|Any CPU
		{09052124-8BF8-4B54-874D-DB8C3A4FC4CB}.Release|Any CPU.ActiveCfg = Release|Any CPU
		{09052124-8BF8-4B54-874D-DB8C3A4FC4CB}.Release|Any CPU.Build.0 = Release|Any CPU
		{E2DBB01B-399E-48A0-ADD5-D48A5CE04BF4}.Debug|Any CPU.ActiveCfg = Debug|Any CPU
		{E2DBB01B-399E-48A0-ADD5-D48A5CE04BF4}.Debug|Any CPU.Build.0 = Debug|Any CPU
		{E2DBB01B-399E-48A0-ADD5-D48A5CE04BF4}.Release|Any CPU.ActiveCfg = Release|Any CPU
		{E2DBB01B-399E-48A0-ADD5-D48A5CE04BF4}.Release|Any CPU.Build.0 = Release|Any CPU
		{BBEECEA4-2D11-45DF-A5EE-17AB752BB736}.Debug|Any CPU.ActiveCfg = Debug|Any CPU
		{BBEECEA4-2D11-45DF-A5EE-17AB752BB736}.Debug|Any CPU.Build.0 = Debug|Any CPU
		{BBEECEA4-2D11-45DF-A5EE-17AB752BB736}.Release|Any CPU.ActiveCfg = Release|Any CPU
		{BBEECEA4-2D11-45DF-A5EE-17AB752BB736}.Release|Any CPU.Build.0 = Release|Any CPU
		{3843CF2C-2A8C-444E-A152-3B270CA37999}.Debug|Any CPU.ActiveCfg = Debug|Any CPU
		{3843CF2C-2A8C-444E-A152-3B270CA37999}.Debug|Any CPU.Build.0 = Debug|Any CPU
		{3843CF2C-2A8C-444E-A152-3B270CA37999}.Release|Any CPU.ActiveCfg = Release|Any CPU
		{3843CF2C-2A8C-444E-A152-3B270CA37999}.Release|Any CPU.Build.0 = Release|Any CPU
	EndGlobalSection
	GlobalSection(SolutionProperties) = preSolution
		HideSolutionNode = FALSE
	EndGlobalSection
	GlobalSection(ExtensibilityGlobals) = postSolution
		SolutionGuid = {82DCE77F-FB66-48F5-8E70-50D23F1C5397}
	EndGlobalSection
EndGlobal
